
Microsoft Visual Studio Solution File, Format Version 12.00
# Visual Studio Version 17
VisualStudioVersion = 17.11.35219.272
MinimumVisualStudioVersion = 10.0.40219.1
Project("{FAE04EC0-301F-11D3-BF4B-00C04F79EFBC}") = "Client_ReWear", "Client_ReWear.csproj", "{4C655444-0051-4712-BA7D-2BF49CCB47FF}"
EndProject
Global
	GlobalSection(SolutionConfigurationPlatforms) = preSolution
		Debug|Any CPU = Debug|Any CPU
		Release|Any CPU = Release|Any CPU
	EndGlobalSection
	GlobalSection(ProjectConfigurationPlatforms) = postSolution
		{4C655444-0051-4712-BA7D-2BF49CCB47FF}.Debug|Any CPU.ActiveCfg = Debug|Any CPU
		{4C655444-0051-4712-BA7D-2BF49CCB47FF}.Debug|Any CPU.Build.0 = Debug|Any CPU
		{4C655444-0051-4712-BA7D-2BF49CCB47FF}.Debug|Any CPU.Deploy.0 = Debug|Any CPU
		{4C655444-0051-4712-BA7D-2BF49CCB47FF}.Release|Any CPU.ActiveCfg = Release|Any CPU
		{4C655444-0051-4712-BA7D-2BF49CCB47FF}.Release|Any CPU.Build.0 = Release|Any CPU
		{4C655444-0051-4712-BA7D-2BF49CCB47FF}.Release|Any CPU.Deploy.0 = Release|Any CPU
	EndGlobalSection
	GlobalSection(SolutionProperties) = preSolution
		HideSolutionNode = FALSE
	EndGlobalSection
	GlobalSection(ExtensibilityGlobals) = postSolution
		SolutionGuid = {10FE0A57-428B-457E-9567-7DF432A18BF6}
	EndGlobalSection
EndGlobal
